{
    "_readme": [
        "This file locks the dependencies of your project to a known state",
        "Read more about it at https://getcomposer.org/doc/01-basic-usage.md#installing-dependencies",
        "This file is @generated automatically"
    ],
    "content-hash": "03d0d688dc543d576aaed2639d54e076",
    "packages": [],
    "packages-dev": [
        {
            "name": "laravel/pint",
            "version": "v1.25.1",
            "source": {
                "type": "git",
                "url": "https://github.com/laravel/pint.git",
                "reference": "5016e263f95d97670d71b9a987bd8996ade6d8d9"
            },
            "dist": {
                "type": "zip",
                "url": "https://api.github.com/repos/laravel/pint/zipball/5016e263f95d97670d71b9a987bd8996ade6d8d9",
                "reference": "5016e263f95d97670d71b9a987bd8996ade6d8d9",
                "shasum": ""
            },
            "require": {
                "ext-json": "*",
                "ext-mbstring": "*",
                "ext-tokenizer": "*",
                "ext-xml": "*",
                "php": "^8.2.0"
            },
            "require-dev": {
                "friendsofphp/php-cs-fixer": "^3.87.2",
                "illuminate/view": "^11.46.0",
                "larastan/larastan": "^3.7.1",
                "laravel-zero/framework": "^11.45.0",
                "mockery/mockery": "^1.6.12",
                "nunomaduro/termwind": "^2.3.1",
                "pestphp/pest": "^2.36.0"
            },
            "bin": [
                "builds/pint"
            ],
            "type": "project",
            "autoload": {
                "psr-4": {
                    "App\\": "app/",
                    "Database\\Seeders\\": "database/seeders/",
                    "Database\\Factories\\": "database/factories/"
                }
            },
            "notification-url": "https://packagist.org/downloads/",
            "license": [
                "MIT"
            ],
            "authors": [
                {
                    "name": "Nuno Maduro",
                    "email": "enunomaduro@gmail.com"
                }
            ],
            "description": "An opinionated code formatter for PHP.",
            "homepage": "https://laravel.com",
            "keywords": [
                "format",
                "formatter",
                "lint",
                "linter",
                "php"
            ],
            "support": {
                "issues": "https://github.com/laravel/pint/issues",
                "source": "https://github.com/laravel/pint"
            },
            "time": "2025-09-19T02:57:12+00:00"
        },
        {
            "name": "phpstan/phpstan",
            "version": "2.1.30",
            "dist": {
                "type": "zip",
                "url": "https://api.github.com/repos/phpstan/phpstan/zipball/a4a7f159927983dd4f7c8020ed227d80b7f39d7d",
                "reference": "a4a7f159927983dd4f7c8020ed227d80b7f39d7d",
                "shasum": ""
            },
            "require": {
                "php": "^7.4|^8.0"
            },
            "conflict": {
                "phpstan/phpstan-shim": "*"
            },
            "bin": [
                "phpstan",
                "phpstan.phar"
            ],
            "type": "library",
            "autoload": {
                "files": [
                    "bootstrap.php"
                ]
            },
            "notification-url": "https://packagist.org/downloads/",
            "license": [
                "MIT"
            ],
            "description": "PHPStan - PHP Static Analysis Tool",
            "keywords": [
                "dev",
                "static analysis"
            ],
            "support": {
                "docs": "https://phpstan.org/user-guide/getting-started",
                "forum": "https://github.com/phpstan/phpstan/discussions",
                "issues": "https://github.com/phpstan/phpstan/issues",
                "security": "https://github.com/phpstan/phpstan/security/policy",
                "source": "https://github.com/phpstan/phpstan-src"
            },
            "funding": [
                {
                    "url": "https://github.com/ondrejmirtes",
                    "type": "github"
                },
                {
                    "url": "https://github.com/phpstan",
                    "type": "github"
                }
            ],
            "time": "2025-10-02T16:07:52+00:00"
        },
        {
            "name": "symfony/deprecation-contracts",
            "version": "v3.6.0",
            "source": {
                "type": "git",
                "url": "https://github.com/symfony/deprecation-contracts.git",
                "reference": "63afe740e99a13ba87ec199bb07bbdee937a5b62"
            },
            "dist": {
                "type": "zip",
                "url": "https://api.github.com/repos/symfony/deprecation-contracts/zipball/63afe740e99a13ba87ec199bb07bbdee937a5b62",
                "reference": "63afe740e99a13ba87ec199bb07bbdee937a5b62",
                "shasum": ""
            },
            "require": {
                "php": ">=8.1"
            },
            "type": "library",
            "extra": {
                "thanks": {
                    "url": "https://github.com/symfony/contracts",
                    "name": "symfony/contracts"
                },
                "branch-alias": {
                    "dev-main": "3.6-dev"
                }
            },
            "autoload": {
                "files": [
                    "function.php"
                ]
            },
            "notification-url": "https://packagist.org/downloads/",
            "license": [
                "MIT"
            ],
            "authors": [
                {
                    "name": "Nicolas Grekas",
                    "email": "p@tchwork.com"
                },
                {
                    "name": "Symfony Community",
                    "homepage": "https://symfony.com/contributors"
                }
            ],
            "description": "A generic function and convention to trigger deprecation notices",
            "homepage": "https://symfony.com",
            "support": {
                "source": "https://github.com/symfony/deprecation-contracts/tree/v3.6.0"
            },
            "funding": [
                {
                    "url": "https://symfony.com/sponsor",
                    "type": "custom"
                },
                {
                    "url": "https://github.com/fabpot",
                    "type": "github"
                },
                {
                    "url": "https://tidelift.com/funding/github/packagist/symfony/symfony",
                    "type": "tidelift"
                }
            ],
            "time": "2024-09-25T14:21:43+00:00"
        },
        {
            "name": "symfony/polyfill-mbstring",
            "version": "v1.33.0",
            "source": {
                "type": "git",
                "url": "https://github.com/symfony/polyfill-mbstring.git",
                "reference": "6d857f4d76bd4b343eac26d6b539585d2bc56493"
            },
            "dist": {
                "type": "zip",
                "url": "https://api.github.com/repos/symfony/polyfill-mbstring/zipball/6d857f4d76bd4b343eac26d6b539585d2bc56493",
                "reference": "6d857f4d76bd4b343eac26d6b539585d2bc56493",
                "shasum": ""
            },
            "require": {
                "ext-iconv": "*",
                "php": ">=7.2"
            },
            "provide": {
                "ext-mbstring": "*"
            },
            "suggest": {
                "ext-mbstring": "For best performance"
            },
            "type": "library",
            "extra": {
                "thanks": {
                    "url": "https://github.com/symfony/polyfill",
                    "name": "symfony/polyfill"
                }
            },
            "autoload": {
                "files": [
                    "bootstrap.php"
                ],
                "psr-4": {
                    "Symfony\\Polyfill\\Mbstring\\": ""
                }
            },
            "notification-url": "https://packagist.org/downloads/",
            "license": [
                "MIT"
            ],
            "authors": [
                {
                    "name": "Nicolas Grekas",
                    "email": "p@tchwork.com"
                },
                {
                    "name": "Symfony Community",
                    "homepage": "https://symfony.com/contributors"
                }
            ],
            "description": "Symfony polyfill for the Mbstring extension",
            "homepage": "https://symfony.com",
            "keywords": [
                "compatibility",
                "mbstring",
                "polyfill",
                "portable",
                "shim"
            ],
            "support": {
                "source": "https://github.com/symfony/polyfill-mbstring/tree/v1.33.0"
            },
            "funding": [
                {
                    "url": "https://symfony.com/sponsor",
                    "type": "custom"
                },
                {
                    "url": "https://github.com/fabpot",
                    "type": "github"
                },
                {
                    "url": "https://github.com/nicolas-grekas",
                    "type": "github"
                },
                {
                    "url": "https://tidelift.com/funding/github/packagist/symfony/symfony",
                    "type": "tidelift"
                }
            ],
            "time": "2024-12-23T08:48:59+00:00"
        },
        {
            "name": "symfony/var-dumper",
            "version": "v7.3.4",
            "source": {
                "type": "git",
                "url": "https://github.com/symfony/var-dumper.git",
                "reference": "b8abe7daf2730d07dfd4b2ee1cecbf0dd2fbdabb"
            },
            "dist": {
                "type": "zip",
                "url": "https://api.github.com/repos/symfony/var-dumper/zipball/b8abe7daf2730d07dfd4b2ee1cecbf0dd2fbdabb",
                "reference": "b8abe7daf2730d07dfd4b2ee1cecbf0dd2fbdabb",
                "shasum": ""
            },
            "require": {
                "php": ">=8.2",
                "symfony/deprecation-contracts": "^2.5|^3",
                "symfony/polyfill-mbstring": "~1.0"
            },
            "conflict": {
                "symfony/console": "<6.4"
            },
            "require-dev": {
                "symfony/console": "^6.4|^7.0",
                "symfony/http-kernel": "^6.4|^7.0",
                "symfony/process": "^6.4|^7.0",
                "symfony/uid": "^6.4|^7.0",
                "twig/twig": "^3.12"
            },
            "bin": [
                "Resources/bin/var-dump-server"
            ],
            "type": "library",
            "autoload": {
                "files": [
                    "Resources/functions/dump.php"
                ],
                "psr-4": {
                    "Symfony\\Component\\VarDumper\\": ""
                },
                "exclude-from-classmap": [
                    "/Tests/"
                ]
            },
            "notification-url": "https://packagist.org/downloads/",
            "license": [
                "MIT"
            ],
            "authors": [
                {
                    "name": "Nicolas Grekas",
                    "email": "p@tchwork.com"
                },
                {
                    "name": "Symfony Community",
                    "homepage": "https://symfony.com/contributors"
                }
            ],
            "description": "Provides mechanisms for walking through any arbitrary PHP variable",
            "homepage": "https://symfony.com",
            "keywords": [
                "debug",
                "dump"
            ],
            "support": {
                "source": "https://github.com/symfony/var-dumper/tree/v7.3.4"
            },
            "funding": [
                {
                    "url": "https://symfony.com/sponsor",
                    "type": "custom"
                },
                {
                    "url": "https://github.com/fabpot",
                    "type": "github"
                },
                {
                    "url": "https://github.com/nicolas-grekas",
                    "type": "github"
                },
                {
                    "url": "https://tidelift.com/funding/github/packagist/symfony/symfony",
                    "type": "tidelift"
                }
            ],
            "time": "2025-09-11T10:12:26+00:00"
        }
    ],
    "aliases": [],
    "minimum-stability": "stable",
    "stability-flags": {},
    "prefer-stable": false,
    "prefer-lowest": false,
    "platform": {
        "php": ">=8.2"
    },
    "platform-dev": {},
    "plugin-api-version": "2.6.0"
}
